
Microsoft Visual Studio Solution File, Format Version 12.00
# Visual Studio Version 16
VisualStudioVersion = 16.0.29123.89
MinimumVisualStudioVersion = 10.0.40219.1
Project("{2150E333-8FDC-42A3-9474-1A3956D46DE8}") = "src", "src", "{ED34D98C-4A59-4857-AF77-F32E9BF70836}"
EndProject
Project("{9A19103F-16F7-4668-BE54-9A1E7A4F7556}") = "WkHtmlToPdf.OrchardCore", "src\WkHtmlToPdf.OrchardCore\WkHtmlToPdf.OrchardCore.csproj", "{949482B8-535B-459C-B837-C46C3AA00891}"
EndProject
Global
	GlobalSection(SolutionConfigurationPlatforms) = preSolution
		Debug|Any CPU = Debug|Any CPU
		Release|Any CPU = Release|Any CPU
	EndGlobalSection
	GlobalSection(ProjectConfigurationPlatforms) = postSolution
		{949482B8-535B-459C-B837-C46C3AA00891}.Debug|Any CPU.ActiveCfg = Debug|Any CPU
		{949482B8-535B-459C-B837-C46C3AA00891}.Debug|Any CPU.Build.0 = Debug|Any CPU
		{949482B8-535B-459C-B837-C46C3AA00891}.Release|Any CPU.ActiveCfg = Release|Any CPU
		{949482B8-535B-459C-B837-C46C3AA00891}.Release|Any CPU.Build.0 = Release|Any CPU
	EndGlobalSection
	GlobalSection(SolutionProperties) = preSolution
		HideSolutionNode = FALSE
	EndGlobalSection
	GlobalSection(NestedProjects) = preSolution
		{949482B8-535B-459C-B837-C46C3AA00891} = {ED34D98C-4A59-4857-AF77-F32E9BF70836}
	EndGlobalSection
	GlobalSection(ExtensibilityGlobals) = postSolution
		SolutionGuid = {190A0559-85D6-4BF0-8D48-E93EA689994E}
	EndGlobalSection
EndGlobal
